
Microsoft Visual Studio Solution File, Format Version 12.00
# Visual Studio Version 16
VisualStudioVersion = 16.0.810.11
MinimumVisualStudioVersion = 10.0.40219.1
Project("{FAE04EC0-301F-11D3-BF4B-00C04F79EFBC}") = "Taskit_server", "Taskit_server\Taskit_server.csproj", "{21B58C76-8FAA-48D7-8DF7-A37B24816F29}"
EndProject
Global
	GlobalSection(SolutionConfigurationPlatforms) = preSolution
		Debug|Any CPU = Debug|Any CPU
		Release|Any CPU = Release|Any CPU
	EndGlobalSection
	GlobalSection(ProjectConfigurationPlatforms) = postSolution
		{21B58C76-8FAA-48D7-8DF7-A37B24816F29}.Debug|Any CPU.ActiveCfg = Debug|Any CPU
		{21B58C76-8FAA-48D7-8DF7-A37B24816F29}.Debug|Any CPU.Build.0 = Debug|Any CPU
		{21B58C76-8FAA-48D7-8DF7-A37B24816F29}.Release|Any CPU.ActiveCfg = Release|Any CPU
		{21B58C76-8FAA-48D7-8DF7-A37B24816F29}.Release|Any CPU.Build.0 = Release|Any CPU
	EndGlobalSection
	GlobalSection(SolutionProperties) = preSolution
		HideSolutionNode = FALSE
	EndGlobalSection
	GlobalSection(ExtensibilityGlobals) = postSolution
		SolutionGuid = {458D3EF1-F833-4DBE-8CCA-7B4394271B37}
	EndGlobalSection
EndGlobal
